// !$*UTF8*$!
{
	archiveVersion = 1;
	classes = {
	};
	objectVersion = 77;
	objects = {

/* Begin PBXContainerItemProxy section */
		BB3929FC2DC0D55C002F0C6C /* PBXContainerItemProxy */ = {
			isa = PBXContainerItemProxy;
			containerPortal = BB3929E32DC0D55A002F0C6C /* Project object */;
			proxyType = 1;
			remoteGlobalIDString = BB3929EA2DC0D55A002F0C6C;
			remoteInfo = "Simpel uitgaven overzicht";
		};
		BB392A062DC0D55C002F0C6C /* PBXContainerItemProxy */ = {
			isa = PBXContainerItemProxy;
			containerPortal = BB3929E32DC0D55A002F0C6C /* Project object */;
			proxyType = 1;
			remoteGlobalIDString = BB3929EA2DC0D55A002F0C6C;
			remoteInfo = "Simpel uitgaven overzicht";
		};
/* End PBXContainerItemProxy section */

/* Begin PBXFileReference section */
		BB3929EB2DC0D55A002F0C6C /* Simpel uitgaven overzicht.app */ = {isa = PBXFileReference; explicitFileType = wrapper.application; includeInIndex = 0; path = "Simpel uitgaven overzicht.app"; sourceTree = BUILT_PRODUCTS_DIR; };
		BB3929FB2DC0D55C002F0C6C /* Simpel uitgaven overzichtTests.xctest */ = {isa = PBXFileReference; explicitFileType = wrapper.cfbundle; includeInIndex = 0; path = "Simpel uitgaven overzichtTests.xctest"; sourceTree = BUILT_PRODUCTS_DIR; };
		BB392A052DC0D55C002F0C6C /* Simpel uitgaven overzichtUITests.xctest */ = {isa = PBXFileReference; explicitFileType = wrapper.cfbundle; includeInIndex = 0; path = "Simpel uitgaven overzichtUITests.xctest"; sourceTree = BUILT_PRODUCTS_DIR; };
/* End PBXFileReference section */

/* Begin PBXFileSystemSynchronizedRootGroup section */
		BB3929ED2DC0D55A002F0C6C /* Simpel uitgaven overzicht */ = {
			isa = PBXFileSystemSynchronizedRootGroup;
			path = "Simpel uitgaven overzicht";
			sourceTree = "<group>";
		};
		BB3929FE2DC0D55C002F0C6C /* Simpel uitgaven overzichtTests */ = {
			isa = PBXFileSystemSynchronizedRootGroup;
			path = "Simpel uitgaven overzichtTests";
			sourceTree = "<group>";
		};
		BB392A082DC0D55C002F0C6C /* Simpel uitgaven overzichtUITests */ = {
			isa = PBXFileSystemSynchronizedRootGroup;
			path = "Simpel uitgaven overzichtUITests";
			sourceTree = "<group>";
		};
/* End PBXFileSystemSynchronizedRootGroup section */

/* Begin PBXFrameworksBuildPhase section */
		BB3929E82DC0D55A002F0C6C /* Frameworks */ = {
			isa = PBXFrameworksBuildPhase;
			buildActionMask = 2147483647;
			files = (
			);
			runOnlyForDeploymentPostprocessing = 0;
		};
		BB3929F82DC0D55C002F0C6C /* Frameworks */ = {
			isa = PBXFrameworksBuildPhase;
			buildActionMask = 2147483647;
			files = (
			);
			runOnlyForDeploymentPostprocessing = 0;
		};
		BB392A022DC0D55C002F0C6C /* Frameworks */ = {
			isa = PBXFrameworksBuildPhase;
			buildActionMask = 2147483647;
			files = (
			);
			runOnlyForDeploymentPostprocessing = 0;
		};
/* End PBXFrameworksBuildPhase section */

/* Begin PBXGroup section */
		BB3929E22DC0D55A002F0C6C = {
			isa = PBXGroup;
			children = (
				BB3929ED2DC0D55A002F0C6C /* Simpel uitgaven overzicht */,
				BB3929FE2DC0D55C002F0C6C /* Simpel uitgaven overzichtTests */,
				BB392A082DC0D55C002F0C6C /* Simpel uitgaven overzichtUITests */,
				BB3929EC2DC0D55A002F0C6C /* Products */,
			);
			sourceTree = "<group>";
		};
		BB3929EC2DC0D55A002F0C6C /* Products */ = {
			isa = PBXGroup;
			children = (
				BB3929EB2DC0D55A002F0C6C /* Simpel uitgaven overzicht.app */,
				BB3929FB2DC0D55C002F0C6C /* Simpel uitgaven overzichtTests.xctest */,
				BB392A052DC0D55C002F0C6C /* Simpel uitgaven overzichtUITests.xctest */,
			);
			name = Products;
			sourceTree = "<group>";
		};
/* End PBXGroup section */

/* Begin PBXNativeTarget section */
		BB3929EA2DC0D55A002F0C6C /* Simpel uitgaven overzicht */ = {
			isa = PBXNativeTarget;
			buildConfigurationList = BB392A0F2DC0D55C002F0C6C /* Build configuration list for PBXNativeTarget "Simpel uitgaven overzicht" */;
			buildPhases = (
				BB3929E72DC0D55A002F0C6C /* Sources */,
				BB3929E82DC0D55A002F0C6C /* Frameworks */,
				BB3929E92DC0D55A002F0C6C /* Resources */,
			);
			buildRules = (
			);
			dependencies = (
			);
			fileSystemSynchronizedGroups = (
				BB3929ED2DC0D55A002F0C6C /* Simpel uitgaven overzicht */,
			);
			name = "Simpel uitgaven overzicht";
			packageProductDependencies = (
			);
			productName = "Simpel uitgaven overzicht";
			productReference = BB3929EB2DC0D55A002F0C6C /* Simpel uitgaven overzicht.app */;
			productType = "com.apple.product-type.application";
		};
		BB3929FA2DC0D55C002F0C6C /* Simpel uitgaven overzichtTests */ = {
			isa = PBXNativeTarget;
			buildConfigurationList = BB392A122DC0D55C002F0C6C /* Build configuration list for PBXNativeTarget "Simpel uitgaven overzichtTests" */;
			buildPhases = (
				BB3929F72DC0D55C002F0C6C /* Sources */,
				BB3929F82DC0D55C002F0C6C /* Frameworks */,
				BB3929F92DC0D55C002F0C6C /* Resources */,
			);
			buildRules = (
			);
			dependencies = (
				BB3929FD2DC0D55C002F0C6C /* PBXTargetDependency */,
			);
			fileSystemSynchronizedGroups = (
				BB3929FE2DC0D55C002F0C6C /* Simpel uitgaven overzichtTests */,
			);
			name = "Simpel uitgaven overzichtTests";
			packageProductDependencies = (
			);
			productName = "Simpel uitgaven overzichtTests";
			productReference = BB3929FB2DC0D55C002F0C6C /* Simpel uitgaven overzichtTests.xctest */;
			productType = "com.apple.product-type.bundle.unit-test";
		};
		BB392A042DC0D55C002F0C6C /* Simpel uitgaven overzichtUITests */ = {
			isa = PBXNativeTarget;
			buildConfigurationList = BB392A152DC0D55C002F0C6C /* Build configuration list for PBXNativeTarget "Simpel uitgaven overzichtUITests" */;
			buildPhases = (
				BB392A012DC0D55C002F0C6C /* Sources */,
				BB392A022DC0D55C002F0C6C /* Frameworks */,
				BB392A032DC0D55C002F0C6C /* Resources */,
			);
			buildRules = (
			);
			dependencies = (
				BB392A072DC0D55C002F0C6C /* PBXTargetDependency */,
			);
			fileSystemSynchronizedGroups = (
				BB392A082DC0D55C002F0C6C /* Simpel uitgaven overzichtUITests */,
			);
			name = "Simpel uitgaven overzichtUITests";
			packageProductDependencies = (
			);
			productName = "Simpel uitgaven overzichtUITests";
			productReference = BB392A052DC0D55C002F0C6C /* Simpel uitgaven overzichtUITests.xctest */;
			productType = "com.apple.product-type.bundle.ui-testing";
		};
/* End PBXNativeTarget section */

/* Begin PBXProject section */
		BB3929E32DC0D55A002F0C6C /* Project object */ = {
			isa = PBXProject;
			attributes = {
				BuildIndependentTargetsInParallel = 1;
				LastSwiftUpdateCheck = 1620;
				LastUpgradeCheck = 1620;
				TargetAttributes = {
					BB3929EA2DC0D55A002F0C6C = {
						CreatedOnToolsVersion = 16.2;
					};
					BB3929FA2DC0D55C002F0C6C = {
						CreatedOnToolsVersion = 16.2;
						TestTargetID = BB3929EA2DC0D55A002F0C6C;
					};
					BB392A042DC0D55C002F0C6C = {
						CreatedOnToolsVersion = 16.2;
						TestTargetID = BB3929EA2DC0D55A002F0C6C;
					};
				};
			};
			buildConfigurationList = BB3929E62DC0D55A002F0C6C /* Build configuration list for PBXProject "Simpel uitgaven overzicht" */;
			developmentRegion = en;
			hasScannedForEncodings = 0;
			knownRegions = (
				en,
				Base,
			);
			mainGroup = BB3929E22DC0D55A002F0C6C;
			minimizedProjectReferenceProxies = 1;
			preferredProjectObjectVersion = 77;
			productRefGroup = BB3929EC2DC0D55A002F0C6C /* Products */;
			projectDirPath = "";
			projectRoot = "";
			targets = (
				BB3929EA2DC0D55A002F0C6C /* Simpel uitgaven overzicht */,
				BB3929FA2DC0D55C002F0C6C /* Simpel uitgaven overzichtTests */,
				BB392A042DC0D55C002F0C6C /* Simpel uitgaven overzichtUITests */,
			);
		};
/* End PBXProject section */

/* Begin PBXResourcesBuildPhase section */
		BB3929E92DC0D55A002F0C6C /* Resources */ = {
			isa = PBXResourcesBuildPhase;
			buildActionMask = 2147483647;
			files = (
			);
			runOnlyForDeploymentPostprocessing = 0;
		};
		BB3929F92DC0D55C002F0C6C /* Resources */ = {
			isa = PBXResourcesBuildPhase;
			buildActionMask = 2147483647;
			files = (
			);
			runOnlyForDeploymentPostprocessing = 0;
		};
		BB392A032DC0D55C002F0C6C /* Resources */ = {
			isa = PBXResourcesBuildPhase;
			buildActionMask = 2147483647;
			files = (
			);
			runOnlyForDeploymentPostprocessing = 0;
		};
/* End PBXResourcesBuildPhase section */

/* Begin PBXSourcesBuildPhase section */
		BB3929E72DC0D55A002F0C6C /* Sources */ = {
			isa = PBXSourcesBuildPhase;
			buildActionMask = 2147483647;
			files = (
			);
			runOnlyForDeploymentPostprocessing = 0;
		};
		BB3929F72DC0D55C002F0C6C /* Sources */ = {
			isa = PBXSourcesBuildPhase;
			buildActionMask = 2147483647;
			files = (
			);
			runOnlyForDeploymentPostprocessing = 0;
		};
		BB392A012DC0D55C002F0C6C /* Sources */ = {
			isa = PBXSourcesBuildPhase;
			buildActionMask = 2147483647;
			files = (
			);
			runOnlyForDeploymentPostprocessing = 0;
		};
/* End PBXSourcesBuildPhase section */

/* Begin PBXTargetDependency section */
		BB3929FD2DC0D55C002F0C6C /* PBXTargetDependency */ = {
			isa = PBXTargetDependency;
			target = BB3929EA2DC0D55A002F0C6C /* Simpel uitgaven overzicht */;
			targetProxy = BB3929FC2DC0D55C002F0C6C /* PBXContainerItemProxy */;
		};
		BB392A072DC0D55C002F0C6C /* PBXTargetDependency */ = {
			isa = PBXTargetDependency;
			target = BB3929EA2DC0D55A002F0C6C /* Simpel uitgaven overzicht */;
			targetProxy = BB392A062DC0D55C002F0C6C /* PBXContainerItemProxy */;
		};
/* End PBXTargetDependency section */

/* Begin XCBuildConfiguration section */
		BB392A0D2DC0D55C002F0C6C /* Debug */ = {
			isa = XCBuildConfiguration;
			buildSettings = {
				ALWAYS_SEARCH_USER_PATHS = NO;
				ASSETCATALOG_COMPILER_GENERATE_SWIFT_ASSET_SYMBOL_EXTENSIONS = YES;
				CLANG_ANALYZER_NONNULL = YES;
				CLANG_ANALYZER_NUMBER_OBJECT_CONVERSION = YES_AGGRESSIVE;
				CLANG_CXX_LANGUAGE_STANDARD = "gnu++20";
				CLANG_ENABLE_MODULES = YES;
				CLANG_ENABLE_OBJC_ARC = YES;
				CLANG_ENABLE_OBJC_WEAK = YES;
				CLANG_WARN_BLOCK_CAPTURE_AUTORELEASING = YES;
				CLANG_WARN_BOOL_CONVERSION = YES;
				CLANG_WARN_COMMA = YES;
				CLANG_WARN_CONSTANT_CONVERSION = YES;
				CLANG_WARN_DEPRECATED_OBJC_IMPLEMENTATIONS = YES;
				CLANG_WARN_DIRECT_OBJC_ISA_USAGE = YES_ERROR;
				CLANG_WARN_DOCUMENTATION_COMMENTS = YES;
				CLANG_WARN_EMPTY_BODY = YES;
				CLANG_WARN_ENUM_CONVERSION = YES;
				CLANG_WARN_INFINITE_RECURSION = YES;
				CLANG_WARN_INT_CONVERSION = YES;
				CLANG_WARN_NON_LITERAL_NULL_CONVERSION = YES;
				CLANG_WARN_OBJC_IMPLICIT_RETAIN_SELF = YES;
				CLANG_WARN_OBJC_LITERAL_CONVERSION = YES;
				CLANG_WARN_OBJC_ROOT_CLASS = YES_ERROR;
				CLANG_WARN_QUOTED_INCLUDE_IN_FRAMEWORK_HEADER = YES;
				CLANG_WARN_RANGE_LOOP_ANALYSIS = YES;
				CLANG_WARN_STRICT_PROTOTYPES = YES;
				CLANG_WARN_SUSPICIOUS_MOVE = YES;
				CLANG_WARN_UNGUARDED_AVAILABILITY = YES_AGGRESSIVE;
				CLANG_WARN_UNREACHABLE_CODE = YES;
				CLANG_WARN__DUPLICATE_METHOD_MATCH = YES;
				COPY_PHASE_STRIP = NO;
				DEBUG_INFORMATION_FORMAT = dwarf;
				ENABLE_STRICT_OBJC_MSGSEND = YES;
				ENABLE_TESTABILITY = YES;
				ENABLE_USER_SCRIPT_SANDBOXING = YES;
				GCC_C_LANGUAGE_STANDARD = gnu17;
				GCC_DYNAMIC_NO_PIC = NO;
				GCC_NO_COMMON_BLOCKS = YES;
				GCC_OPTIMIZATION_LEVEL = 0;
				GCC_PREPROCESSOR_DEFINITIONS = (
					"DEBUG=1",
					"$(inherited)",
				);
				GCC_WARN_64_TO_32_BIT_CONVERSION = YES;
				GCC_WARN_ABOUT_RETURN_TYPE = YES_ERROR;
				GCC_WARN_UNDECLARED_SELECTOR = YES;
				GCC_WARN_UNINITIALIZED_AUTOS = YES_AGGRESSIVE;
				GCC_WARN_UNUSED_FUNCTION = YES;
				GCC_WARN_UNUSED_VARIABLE = YES;
				IPHONEOS_DEPLOYMENT_TARGET = 18.2;
				LOCALIZATION_PREFERS_STRING_CATALOGS = YES;
				MTL_ENABLE_DEBUG_INFO = INCLUDE_SOURCE;
				MTL_FAST_MATH = YES;
				ONLY_ACTIVE_ARCH = YES;
				SDKROOT = iphoneos;
				SWIFT_ACTIVE_COMPILATION_CONDITIONS = "DEBUG $(inherited)";
				SWIFT_OPTIMIZATION_LEVEL = "-Onone";
			};
			name = Debug;
		};
		BB392A0E2DC0D55C002F0C6C /* Release */ = {
			isa = XCBuildConfiguration;
			buildSettings = {
				ALWAYS_SEARCH_USER_PATHS = NO;
				ASSETCATALOG_COMPILER_GENERATE_SWIFT_ASSET_SYMBOL_EXTENSIONS = YES;
				CLANG_ANALYZER_NONNULL = YES;
				CLANG_ANALYZER_NUMBER_OBJECT_CONVERSION = YES_AGGRESSIVE;
				CLANG_CXX_LANGUAGE_STANDARD = "gnu++20";
				CLANG_ENABLE_MODULES = YES;
				CLANG_ENABLE_OBJC_ARC = YES;
				CLANG_ENABLE_OBJC_WEAK = YES;
				CLANG_WARN_BLOCK_CAPTURE_AUTORELEASING = YES;
				CLANG_WARN_BOOL_CONVERSION = YES;
				CLANG_WARN_COMMA = YES;
				CLANG_WARN_CONSTANT_CONVERSION = YES;
				CLANG_WARN_DEPRECATED_OBJC_IMPLEMENTATIONS = YES;
				CLANG_WARN_DIRECT_OBJC_ISA_USAGE = YES_ERROR;
				CLANG_WARN_DOCUMENTATION_COMMENTS = YES;
				CLANG_WARN_EMPTY_BODY = YES;
				CLANG_WARN_ENUM_CONVERSION = YES;
				CLANG_WARN_INFINITE_RECURSION = YES;
				CLANG_WARN_INT_CONVERSION = YES;
				CLANG_WARN_NON_LITERAL_NULL_CONVERSION = YES;
				CLANG_WARN_OBJC_IMPLICIT_RETAIN_SELF = YES;
				CLANG_WARN_OBJC_LITERAL_CONVERSION = YES;
				CLANG_WARN_OBJC_ROOT_CLASS = YES_ERROR;
				CLANG_WARN_QUOTED_INCLUDE_IN_FRAMEWORK_HEADER = YES;
				CLANG_WARN_RANGE_LOOP_ANALYSIS = YES;
				CLANG_WARN_STRICT_PROTOTYPES = YES;
				CLANG_WARN_SUSPICIOUS_MOVE = YES;
				CLANG_WARN_UNGUARDED_AVAILABILITY = YES_AGGRESSIVE;
				CLANG_WARN_UNREACHABLE_CODE = YES;
				CLANG_WARN__DUPLICATE_METHOD_MATCH = YES;
				COPY_PHASE_STRIP = NO;
				DEBUG_INFORMATION_FORMAT = "dwarf-with-dsym";
				ENABLE_NS_ASSERTIONS = NO;
				ENABLE_STRICT_OBJC_MSGSEND = YES;
				ENABLE_USER_SCRIPT_SANDBOXING = YES;
				GCC_C_LANGUAGE_STANDARD = gnu17;
				GCC_NO_COMMON_BLOCKS = YES;
				GCC_WARN_64_TO_32_BIT_CONVERSION = YES;
				GCC_WARN_ABOUT_RETURN_TYPE = YES_ERROR;
				GCC_WARN_UNDECLARED_SELECTOR = YES;
				GCC_WARN_UNINITIALIZED_AUTOS = YES_AGGRESSIVE;
				GCC_WARN_UNUSED_FUNCTION = YES;
				GCC_WARN_UNUSED_VARIABLE = YES;
				IPHONEOS_DEPLOYMENT_TARGET = 18.2;
				LOCALIZATION_PREFERS_STRING_CATALOGS = YES;
				MTL_ENABLE_DEBUG_INFO = NO;
				MTL_FAST_MATH = YES;
				SDKROOT = iphoneos;
				SWIFT_COMPILATION_MODE = wholemodule;
				VALIDATE_PRODUCT = YES;
			};
			name = Release;
		};
		BB392A102DC0D55C002F0C6C /* Debug */ = {
			isa = XCBuildConfiguration;
			buildSettings = {
				ASSETCATALOG_COMPILER_APPICON_NAME = AppIcon;
				ASSETCATALOG_COMPILER_GLOBAL_ACCENT_COLOR_NAME = AccentColor;
				CODE_SIGN_STYLE = Automatic;
				CURRENT_PROJECT_VERSION = 1;
				DEVELOPMENT_ASSET_PATHS = "\"Simpel uitgaven overzicht/Preview Content\"";
				ENABLE_PREVIEWS = YES;
				GENERATE_INFOPLIST_FILE = YES;
				INFOPLIST_KEY_UIApplicationSceneManifest_Generation = YES;
				INFOPLIST_KEY_UIApplicationSupportsIndirectInputEvents = YES;
				INFOPLIST_KEY_UILaunchScreen_Generation = YES;
				INFOPLIST_KEY_UISupportedInterfaceOrientations_iPad = "UIInterfaceOrientationPortrait UIInterfaceOrientationPortraitUpsideDown UIInterfaceOrientationLandscapeLeft UIInterfaceOrientationLandscapeRight";
				INFOPLIST_KEY_UISupportedInterfaceOrientations_iPhone = "UIInterfaceOrientationPortrait UIInterfaceOrientationLandscapeLeft UIInterfaceOrientationLandscapeRight";
				LD_RUNPATH_SEARCH_PATHS = (
					"$(inherited)",
					"@executable_path/Frameworks",
				);
				MARKETING_VERSION = 1.0;
				PRODUCT_BUNDLE_IDENTIFIER = "uitgaveoverzicht.Simpel-uitgaven-overzicht";
				PRODUCT_NAME = "$(TARGET_NAME)";
				SWIFT_EMIT_LOC_STRINGS = YES;
				SWIFT_VERSION = 5.0;
				TARGETED_DEVICE_FAMILY = "1,2";
			};
			name = Debug;
		};
		BB392A112DC0D55C002F0C6C /* Release */ = {
			isa = XCBuildConfiguration;
			buildSettings = {
				ASSETCATALOG_COMPILER_APPICON_NAME = AppIcon;
				ASSETCATALOG_COMPILER_GLOBAL_ACCENT_COLOR_NAME = AccentColor;
				CODE_SIGN_STYLE = Automatic;
				CURRENT_PROJECT_VERSION = 1;
				DEVELOPMENT_ASSET_PATHS = "\"Simpel uitgaven overzicht/Preview Content\"";
				ENABLE_PREVIEWS = YES;
				GENERATE_INFOPLIST_FILE = YES;
				INFOPLIST_KEY_UIApplicationSceneManifest_Generation = YES;
				INFOPLIST_KEY_UIApplicationSupportsIndirectInputEvents = YES;
				INFOPLIST_KEY_UILaunchScreen_Generation = YES;
				INFOPLIST_KEY_UISupportedInterfaceOrientations_iPad = "UIInterfaceOrientationPortrait UIInterfaceOrientationPortraitUpsideDown UIInterfaceOrientationLandscapeLeft UIInterfaceOrientationLandscapeRight";
				INFOPLIST_KEY_UISupportedInterfaceOrientations_iPhone = "UIInterfaceOrientationPortrait UIInterfaceOrientationLandscapeLeft UIInterfaceOrientationLandscapeRight";
				LD_RUNPATH_SEARCH_PATHS = (
					"$(inherited)",
					"@executable_path/Frameworks",
				);
				MARKETING_VERSION = 1.0;
				PRODUCT_BUNDLE_IDENTIFIER = "uitgaveoverzicht.Simpel-uitgaven-overzicht";
				PRODUCT_NAME = "$(TARGET_NAME)";
				SWIFT_EMIT_LOC_STRINGS = YES;
				SWIFT_VERSION = 5.0;
				TARGETED_DEVICE_FAMILY = "1,2";
			};
			name = Release;
		};
		BB392A132DC0D55C002F0C6C /* Debug */ = {
			isa = XCBuildConfiguration;
			buildSettings = {
				BUNDLE_LOADER = "$(TEST_HOST)";
				CODE_SIGN_STYLE = Automatic;
				CURRENT_PROJECT_VERSION = 1;
				GENERATE_INFOPLIST_FILE = YES;
				IPHONEOS_DEPLOYMENT_TARGET = 18.2;
				MARKETING_VERSION = 1.0;
				PRODUCT_BUNDLE_IDENTIFIER = "uitgaveoverzicht.Simpel-uitgaven-overzichtTests";
				PRODUCT_NAME = "$(TARGET_NAME)";
				SWIFT_EMIT_LOC_STRINGS = NO;
				SWIFT_VERSION = 5.0;
				TARGETED_DEVICE_FAMILY = "1,2";
				TEST_HOST = "$(BUILT_PRODUCTS_DIR)/Simpel uitgaven overzicht.app/$(BUNDLE_EXECUTABLE_FOLDER_PATH)/Simpel uitgaven overzicht";
			};
			name = Debug;
		};
		BB392A142DC0D55C002F0C6C /* Release */ = {
			isa = XCBuildConfiguration;
			buildSettings = {
				BUNDLE_LOADER = "$(TEST_HOST)";
				CODE_SIGN_STYLE = Automatic;
				CURRENT_PROJECT_VERSION = 1;
				GENERATE_INFOPLIST_FILE = YES;
				IPHONEOS_DEPLOYMENT_TARGET = 18.2;
				MARKETING_VERSION = 1.0;
				PRODUCT_BUNDLE_IDENTIFIER = "uitgaveoverzicht.Simpel-uitgaven-overzichtTests";
				PRODUCT_NAME = "$(TARGET_NAME)";
				SWIFT_EMIT_LOC_STRINGS = NO;
				SWIFT_VERSION = 5.0;
				TARGETED_DEVICE_FAMILY = "1,2";
				TEST_HOST = "$(BUILT_PRODUCTS_DIR)/Simpel uitgaven overzicht.app/$(BUNDLE_EXECUTABLE_FOLDER_PATH)/Simpel uitgaven overzicht";
			};
			name = Release;
		};
		BB392A162DC0D55C002F0C6C /* Debug */ = {
			isa = XCBuildConfiguration;
			buildSettings = {
				CODE_SIGN_STYLE = Automatic;
				CURRENT_PROJECT_VERSION = 1;
				GENERATE_INFOPLIST_FILE = YES;
				MARKETING_VERSION = 1.0;
				PRODUCT_BUNDLE_IDENTIFIER = "uitgaveoverzicht.Simpel-uitgaven-overzichtUITests";
				PRODUCT_NAME = "$(TARGET_NAME)";
				SWIFT_EMIT_LOC_STRINGS = NO;
				SWIFT_VERSION = 5.0;
				TARGETED_DEVICE_FAMILY = "1,2";
				TEST_TARGET_NAME = "Simpel uitgaven overzicht";
			};
			name = Debug;
		};
		BB392A172DC0D55C002F0C6C /* Release */ = {
			isa = XCBuildConfiguration;
			buildSettings = {
				CODE_SIGN_STYLE = Automatic;
				CURRENT_PROJECT_VERSION = 1;
				GENERATE_INFOPLIST_FILE = YES;
				MARKETING_VERSION = 1.0;
				PRODUCT_BUNDLE_IDENTIFIER = "uitgaveoverzicht.Simpel-uitgaven-overzichtUITests";
				PRODUCT_NAME = "$(TARGET_NAME)";
				SWIFT_EMIT_LOC_STRINGS = NO;
				SWIFT_VERSION = 5.0;
				TARGETED_DEVICE_FAMILY = "1,2";
				TEST_TARGET_NAME = "Simpel uitgaven overzicht";
			};
			name = Release;
		};
/* End XCBuildConfiguration section */

/* Begin XCConfigurationList section */
		BB3929E62DC0D55A002F0C6C /* Build configuration list for PBXProject "Simpel uitgaven overzicht" */ = {
			isa = XCConfigurationList;
			buildConfigurations = (
				BB392A0D2DC0D55C002F0C6C /* Debug */,
				BB392A0E2DC0D55C002F0C6C /* Release */,
			);
			defaultConfigurationIsVisible = 0;
			defaultConfigurationName = Release;
		};
		BB392A0F2DC0D55C002F0C6C /* Build configuration list for PBXNativeTarget "Simpel uitgaven overzicht" */ = {
			isa = XCConfigurationList;
			buildConfigurations = (
				BB392A102DC0D55C002F0C6C /* Debug */,
				BB392A112DC0D55C002F0C6C /* Release */,
			);
			defaultConfigurationIsVisible = 0;
			defaultConfigurationName = Release;
		};
		BB392A122DC0D55C002F0C6C /* Build configuration list for PBXNativeTarget "Simpel uitgaven overzichtTests" */ = {
			isa = XCConfigurationList;
			buildConfigurations = (
				BB392A132DC0D55C002F0C6C /* Debug */,
				BB392A142DC0D55C002F0C6C /* Release */,
			);
			defaultConfigurationIsVisible = 0;
			defaultConfigurationName = Release;
		};
		BB392A152DC0D55C002F0C6C /* Build configuration list for PBXNativeTarget "Simpel uitgaven overzichtUITests" */ = {
			isa = XCConfigurationList;
			buildConfigurations = (
				BB392A162DC0D55C002F0C6C /* Debug */,
				BB392A172DC0D55C002F0C6C /* Release */,
			);
			defaultConfigurationIsVisible = 0;
			defaultConfigurationName = Release;
		};
/* End XCConfigurationList section */
	};
	rootObject = BB3929E32DC0D55A002F0C6C /* Project object */;
}
